
Microsoft Visual Studio Solution File, Format Version 12.00
# Visual Studio 14
VisualStudioVersion = 14.0.25420.1
MinimumVisualStudioVersion = 10.0.40219.1
Project("{FAE04EC0-301F-11D3-BF4B-00C04F79EFBC}") = "WindowsApp", "WindowsApp\WindowsApp.csproj", "{6BB8904C-CD1B-46D7-B2A8-C385B43B995B}"
EndProject
Project("{FAE04EC0-301F-11D3-BF4B-00C04F79EFBC}") = "BusinessEntities", "BusinesEntities\BusinessEntities.csproj", "{33C18027-BB54-454A-8CBB-B10FB623BC06}"
EndProject
Project("{FAE04EC0-301F-11D3-BF4B-00C04F79EFBC}") = "DataAccessLayer", "DataAccessLayer\DataAccessLayer.csproj", "{142D3A0D-4733-4384-9C12-1889DCE5C4DB}"
EndProject
Project("{FAE04EC0-301F-11D3-BF4B-00C04F79EFBC}") = "BusinessLogicLayer", "BusinessLogicLayer\BusinessLogicLayer.csproj", "{06845A4A-103B-4877-ADF7-7ECE83F0BDC2}"
EndProject
Global
	GlobalSection(SolutionConfigurationPlatforms) = preSolution
		Debug|Any CPU = Debug|Any CPU
		Release|Any CPU = Release|Any CPU
	EndGlobalSection
	GlobalSection(ProjectConfigurationPlatforms) = postSolution
		{6BB8904C-CD1B-46D7-B2A8-C385B43B995B}.Debug|Any CPU.ActiveCfg = Debug|Any CPU
		{6BB8904C-CD1B-46D7-B2A8-C385B43B995B}.Debug|Any CPU.Build.0 = Debug|Any CPU
		{6BB8904C-CD1B-46D7-B2A8-C385B43B995B}.Release|Any CPU.ActiveCfg = Release|Any CPU
		{6BB8904C-CD1B-46D7-B2A8-C385B43B995B}.Release|Any CPU.Build.0 = Release|Any CPU
		{33C18027-BB54-454A-8CBB-B10FB623BC06}.Debug|Any CPU.ActiveCfg = Debug|Any CPU
		{33C18027-BB54-454A-8CBB-B10FB623BC06}.Debug|Any CPU.Build.0 = Debug|Any CPU
		{33C18027-BB54-454A-8CBB-B10FB623BC06}.Release|Any CPU.ActiveCfg = Release|Any CPU
		{33C18027-BB54-454A-8CBB-B10FB623BC06}.Release|Any CPU.Build.0 = Release|Any CPU
		{142D3A0D-4733-4384-9C12-1889DCE5C4DB}.Debug|Any CPU.ActiveCfg = Debug|Any CPU
		{142D3A0D-4733-4384-9C12-1889DCE5C4DB}.Debug|Any CPU.Build.0 = Debug|Any CPU
		{142D3A0D-4733-4384-9C12-1889DCE5C4DB}.Release|Any CPU.ActiveCfg = Release|Any CPU
		{142D3A0D-4733-4384-9C12-1889DCE5C4DB}.Release|Any CPU.Build.0 = Release|Any CPU
		{06845A4A-103B-4877-ADF7-7ECE83F0BDC2}.Debug|Any CPU.ActiveCfg = Debug|Any CPU
		{06845A4A-103B-4877-ADF7-7ECE83F0BDC2}.Debug|Any CPU.Build.0 = Debug|Any CPU
		{06845A4A-103B-4877-ADF7-7ECE83F0BDC2}.Release|Any CPU.ActiveCfg = Release|Any CPU
		{06845A4A-103B-4877-ADF7-7ECE83F0BDC2}.Release|Any CPU.Build.0 = Release|Any CPU
	EndGlobalSection
	GlobalSection(SolutionProperties) = preSolution
		HideSolutionNode = FALSE
	EndGlobalSection
EndGlobal
